{
	"name": "bgforge-mls",
	"version": "1.8.0",
	"lockfileVersion": 1,
	"requires": true,
	"dependencies": {
		"@types/mocha": {
			"version": "5.2.7",
			"resolved": "https://registry.npmjs.org/@types/mocha/-/mocha-5.2.7.tgz",
			"integrity": "sha512-NYrtPht0wGzhwe9+/idPaBB+TqkY9AhTvOLMkThm0IoEfLaiVQZwBwyJ5puCkO3AUCWrmcoePjp2mbFocKy4SQ==",
			"dev": true
		},
		"@types/node": {
			"version": "8.10.59",
			"resolved": "https://registry.npmjs.org/@types/node/-/node-8.10.59.tgz",
			"integrity": "sha512-8RkBivJrDCyPpBXhVZcjh7cQxVBSmRk9QM7hOketZzp6Tg79c0N8kkpAIito9bnJ3HCVCHVYz+KHTEbfQNfeVQ==",
			"dev": true
		},
		"typescript": {
			"version": "2.8.3",
			"resolved": "https://registry.npmjs.org/typescript/-/typescript-2.8.3.tgz",
			"integrity": "sha512-K7g15Bb6Ra4lKf7Iq2l/I5/En+hLIHmxWZGq3D4DIRNFxMNV6j2SHSvDOqs2tGd4UvD/fJvrwopzQXjLrT7Itw==",
			"dev": true
		}
	}
}
