{
	"name": "bgforge-mls",
	"version": "1.16.4",
	"lockfileVersion": 2,
	"requires": true,
	"packages": {
		"": {
			"name": "bgforge-mls",
			"version": "1.16.4",
			"hasInstallScript": true,
			"license": "SEE LICENSE IN LICENSE.txt",
			"devDependencies": {
				"@types/mocha": "^10.0.1",
				"@types/node": "^18.11.17",
				"typescript": "^4.9.4"
			},
			"engines": {
				"vscode": "^1.43.0"
			}
		},
		"node_modules/@types/mocha": {
			"version": "10.0.1",
			"resolved": "https://registry.npmjs.org/@types/mocha/-/mocha-10.0.1.tgz",
			"integrity": "sha512-/fvYntiO1GeICvqbQ3doGDIP97vWmvFt83GKguJ6prmQM2iXZfFcq6YE8KteFyRtX2/h5Hf91BYvPodJKFYv5Q==",
			"dev": true
		},
		"node_modules/@types/node": {
			"version": "18.11.17",
			"resolved": "https://registry.npmjs.org/@types/node/-/node-18.11.17.tgz",
			"integrity": "sha512-HJSUJmni4BeDHhfzn6nF0sVmd1SMezP7/4F0Lq+aXzmp2xm9O7WXrUtHW/CHlYVtZUbByEvWidHqRtcJXGF2Ng==",
			"dev": true
		},
		"node_modules/typescript": {
			"version": "4.9.4",
			"resolved": "https://registry.npmjs.org/typescript/-/typescript-4.9.4.tgz",
			"integrity": "sha512-Uz+dTXYzxXXbsFpM86Wh3dKCxrQqUcVMxwU54orwlJjOpO3ao8L7j5lH+dWfTwgCwIuM9GQ2kvVotzYJMXTBZg==",
			"dev": true,
			"bin": {
				"tsc": "bin/tsc",
				"tsserver": "bin/tsserver"
			},
			"engines": {
				"node": ">=4.2.0"
			}
		}
	},
	"dependencies": {
		"@types/mocha": {
			"version": "10.0.1",
			"resolved": "https://registry.npmjs.org/@types/mocha/-/mocha-10.0.1.tgz",
			"integrity": "sha512-/fvYntiO1GeICvqbQ3doGDIP97vWmvFt83GKguJ6prmQM2iXZfFcq6YE8KteFyRtX2/h5Hf91BYvPodJKFYv5Q==",
			"dev": true
		},
		"@types/node": {
			"version": "18.11.17",
			"resolved": "https://registry.npmjs.org/@types/node/-/node-18.11.17.tgz",
			"integrity": "sha512-HJSUJmni4BeDHhfzn6nF0sVmd1SMezP7/4F0Lq+aXzmp2xm9O7WXrUtHW/CHlYVtZUbByEvWidHqRtcJXGF2Ng==",
			"dev": true
		},
		"typescript": {
			"version": "4.9.4",
			"resolved": "https://registry.npmjs.org/typescript/-/typescript-4.9.4.tgz",
			"integrity": "sha512-Uz+dTXYzxXXbsFpM86Wh3dKCxrQqUcVMxwU54orwlJjOpO3ao8L7j5lH+dWfTwgCwIuM9GQ2kvVotzYJMXTBZg==",
			"dev": true
		}
	}
}
