{
    "name": "bgforge-mls-preview",
    "version": "1.6.0",
    "lockfileVersion": 2,
    "requires": true,
    "packages": {
        "": {
            "name": "bgforge-mls-preview",
            "version": "1.6.0",
            "license": "SEE LICENSE IN LICENSE.txt",
            "dependencies": {
                "cytoscape": "^3.23.0",
                "cytoscape-fcose": "^2.2.0"
            },
            "devDependencies": {
                "@types/cytoscape": "^3.19.9",
                "@types/cytoscape-fcose": "^2.1.0"
            }
        },
        "node_modules/@types/cytoscape": {
            "version": "3.19.9",
            "resolved": "https://registry.npmjs.org/@types/cytoscape/-/cytoscape-3.19.9.tgz",
            "integrity": "sha512-oqCx0ZGiBO0UESbjgq052vjDAy2X53lZpMrWqiweMpvVwKw/2IiYDdzPFK6+f4tMfdv9YKEM9raO5bAZc3UYBg==",
            "dev": true
        },
        "node_modules/@types/cytoscape-fcose": {
            "version": "2.1.0",
            "resolved": "https://registry.npmjs.org/@types/cytoscape-fcose/-/cytoscape-fcose-2.1.0.tgz",
            "integrity": "sha512-xxECIU8D1nFGWrGUK+kry3+9w6UqCr0RMlnXOO5HdDnB2QIOXB3/NlBnf4AQioI/EdZhBq4dh6WpV0me0QhVQw==",
            "dev": true,
            "dependencies": {
                "@types/cytoscape": "*"
            }
        },
        "node_modules/cose-base": {
            "version": "2.2.0",
            "resolved": "https://registry.npmjs.org/cose-base/-/cose-base-2.2.0.tgz",
            "integrity": "sha512-AzlgcsCbUMymkADOJtQm3wO9S3ltPfYOFD5033keQn9NJzIbtnZj+UdBJe7DYml/8TdbtHJW3j58SOnKhWY/5g==",
            "dependencies": {
                "layout-base": "^2.0.0"
            }
        },
        "node_modules/cytoscape": {
            "version": "3.23.0",
            "resolved": "https://registry.npmjs.org/cytoscape/-/cytoscape-3.23.0.tgz",
            "integrity": "sha512-gRZqJj/1kiAVPkrVFvz/GccxsXhF3Qwpptl32gKKypO4IlqnKBjTOu+HbXtEggSGzC5KCaHp3/F7GgENrtsFkA==",
            "dependencies": {
                "heap": "^0.2.6",
                "lodash": "^4.17.21"
            },
            "engines": {
                "node": ">=0.10"
            }
        },
        "node_modules/cytoscape-fcose": {
            "version": "2.2.0",
            "resolved": "https://registry.npmjs.org/cytoscape-fcose/-/cytoscape-fcose-2.2.0.tgz",
            "integrity": "sha512-ki1/VuRIHFCzxWNrsshHYPs6L7TvLu3DL+TyIGEsRcvVERmxokbf5Gdk7mFxZnTdiGtnA4cfSmjZJMviqSuZrQ==",
            "dependencies": {
                "cose-base": "^2.2.0"
            },
            "peerDependencies": {
                "cytoscape": "^3.2.0"
            }
        },
        "node_modules/heap": {
            "version": "0.2.7",
            "resolved": "https://registry.npmjs.org/heap/-/heap-0.2.7.tgz",
            "integrity": "sha512-2bsegYkkHO+h/9MGbn6KWcE45cHZgPANo5LXF7EvWdT0yT2EguSVO1nDgU5c8+ZOPwp2vMNa7YFsJhVcDR9Sdg=="
        },
        "node_modules/layout-base": {
            "version": "2.0.1",
            "resolved": "https://registry.npmjs.org/layout-base/-/layout-base-2.0.1.tgz",
            "integrity": "sha512-dp3s92+uNI1hWIpPGH3jK2kxE2lMjdXdr+DH8ynZHpd6PUlH6x6cbuXnoMmiNumznqaNO31xu9e79F0uuZ0JFg=="
        },
        "node_modules/lodash": {
            "version": "4.17.21",
            "resolved": "https://registry.npmjs.org/lodash/-/lodash-4.17.21.tgz",
            "integrity": "sha512-v2kDEe57lecTulaDIuNTPy3Ry4gLGJ6Z1O3vE1krgXZNrsQ+LFTGHVxVjcXPs17LhbZVGedAJv8XZ1tvj5FvSg=="
        }
    },
    "dependencies": {
        "@types/cytoscape": {
            "version": "3.19.9",
            "resolved": "https://registry.npmjs.org/@types/cytoscape/-/cytoscape-3.19.9.tgz",
            "integrity": "sha512-oqCx0ZGiBO0UESbjgq052vjDAy2X53lZpMrWqiweMpvVwKw/2IiYDdzPFK6+f4tMfdv9YKEM9raO5bAZc3UYBg==",
            "dev": true
        },
        "@types/cytoscape-fcose": {
            "version": "2.1.0",
            "resolved": "https://registry.npmjs.org/@types/cytoscape-fcose/-/cytoscape-fcose-2.1.0.tgz",
            "integrity": "sha512-xxECIU8D1nFGWrGUK+kry3+9w6UqCr0RMlnXOO5HdDnB2QIOXB3/NlBnf4AQioI/EdZhBq4dh6WpV0me0QhVQw==",
            "dev": true,
            "requires": {
                "@types/cytoscape": "*"
            }
        },
        "cose-base": {
            "version": "2.2.0",
            "resolved": "https://registry.npmjs.org/cose-base/-/cose-base-2.2.0.tgz",
            "integrity": "sha512-AzlgcsCbUMymkADOJtQm3wO9S3ltPfYOFD5033keQn9NJzIbtnZj+UdBJe7DYml/8TdbtHJW3j58SOnKhWY/5g==",
            "requires": {
                "layout-base": "^2.0.0"
            }
        },
        "cytoscape": {
            "version": "3.23.0",
            "resolved": "https://registry.npmjs.org/cytoscape/-/cytoscape-3.23.0.tgz",
            "integrity": "sha512-gRZqJj/1kiAVPkrVFvz/GccxsXhF3Qwpptl32gKKypO4IlqnKBjTOu+HbXtEggSGzC5KCaHp3/F7GgENrtsFkA==",
            "requires": {
                "heap": "^0.2.6",
                "lodash": "^4.17.21"
            }
        },
        "cytoscape-fcose": {
            "version": "2.2.0",
            "resolved": "https://registry.npmjs.org/cytoscape-fcose/-/cytoscape-fcose-2.2.0.tgz",
            "integrity": "sha512-ki1/VuRIHFCzxWNrsshHYPs6L7TvLu3DL+TyIGEsRcvVERmxokbf5Gdk7mFxZnTdiGtnA4cfSmjZJMviqSuZrQ==",
            "requires": {
                "cose-base": "^2.2.0"
            }
        },
        "heap": {
            "version": "0.2.7",
            "resolved": "https://registry.npmjs.org/heap/-/heap-0.2.7.tgz",
            "integrity": "sha512-2bsegYkkHO+h/9MGbn6KWcE45cHZgPANo5LXF7EvWdT0yT2EguSVO1nDgU5c8+ZOPwp2vMNa7YFsJhVcDR9Sdg=="
        },
        "layout-base": {
            "version": "2.0.1",
            "resolved": "https://registry.npmjs.org/layout-base/-/layout-base-2.0.1.tgz",
            "integrity": "sha512-dp3s92+uNI1hWIpPGH3jK2kxE2lMjdXdr+DH8ynZHpd6PUlH6x6cbuXnoMmiNumznqaNO31xu9e79F0uuZ0JFg=="
        },
        "lodash": {
            "version": "4.17.21",
            "resolved": "https://registry.npmjs.org/lodash/-/lodash-4.17.21.tgz",
            "integrity": "sha512-v2kDEe57lecTulaDIuNTPy3Ry4gLGJ6Z1O3vE1krgXZNrsQ+LFTGHVxVjcXPs17LhbZVGedAJv8XZ1tvj5FvSg=="
        }
    }
}
