lockfileVersion: '9.0'

settings:
  autoInstallPeers: true
  excludeLinksFromLockfile: false

importers:

  .:
    dependencies:
      cytoscape:
        specifier: ^3.23.0
        version: 3.29.0
      cytoscape-fcose:
        specifier: ^2.2.0
        version: 2.2.0(cytoscape@3.29.0)
    devDependencies:
      '@types/cytoscape':
        specifier: ^3.19.9
        version: 3.21.0
      '@types/cytoscape-fcose':
        specifier: ^2.1.0
        version: 2.2.4

packages:

  '@types/cytoscape-fcose@2.2.4':
    resolution: {integrity: sha512-QwWtnT8HI9h+DHhG5krGc1ZY0Ex+cn85MvX96ZNAjSxuXiZDnjIZW/ypVkvvubTjIY4rSdkJY1D/Nsn8NDpmAw==}

  '@types/cytoscape@3.21.0':
    resolution: {integrity: sha512-RN5SPiyVDpUP+LoOlxxlOYAMzkE7iuv3gA1jt3Hx2qTwArpZVPPdO+SI0hUj49OAn4QABR7JK9Gi0hibzGE0Aw==}

  cose-base@2.2.0:
    resolution: {integrity: sha512-AzlgcsCbUMymkADOJtQm3wO9S3ltPfYOFD5033keQn9NJzIbtnZj+UdBJe7DYml/8TdbtHJW3j58SOnKhWY/5g==}

  cytoscape-fcose@2.2.0:
    resolution: {integrity: sha512-ki1/VuRIHFCzxWNrsshHYPs6L7TvLu3DL+TyIGEsRcvVERmxokbf5Gdk7mFxZnTdiGtnA4cfSmjZJMviqSuZrQ==}
    peerDependencies:
      cytoscape: ^3.2.0

  cytoscape@3.29.0:
    resolution: {integrity: sha512-ADqhlrCKhhQF8s/s3hTpvVAIyWwsfgFI/hD2vhAXc2ndncJFVZaq3/uBkDIhf4RrNwPw93vUarW36x6rFbUk0Q==}
    engines: {node: '>=0.10'}

  layout-base@2.0.1:
    resolution: {integrity: sha512-dp3s92+uNI1hWIpPGH3jK2kxE2lMjdXdr+DH8ynZHpd6PUlH6x6cbuXnoMmiNumznqaNO31xu9e79F0uuZ0JFg==}

snapshots:

  '@types/cytoscape-fcose@2.2.4':
    dependencies:
      '@types/cytoscape': 3.21.0

  '@types/cytoscape@3.21.0': {}

  cose-base@2.2.0:
    dependencies:
      layout-base: 2.0.1

  cytoscape-fcose@2.2.0(cytoscape@3.29.0):
    dependencies:
      cose-base: 2.2.0
      cytoscape: 3.29.0

  cytoscape@3.29.0: {}

  layout-base@2.0.1: {}
