lockfileVersion: '9.0'

settings:
  autoInstallPeers: true
  excludeLinksFromLockfile: false

importers:

  .:
    dependencies:
      cytoscape:
        specifier: ^3.23.0
        version: 3.33.1
      cytoscape-fcose:
        specifier: ^2.2.0
        version: 2.2.0(cytoscape@3.33.1)
    devDependencies:
      '@types/cytoscape':
        specifier: ^3.19.9
        version: 3.31.0
      '@types/cytoscape-fcose':
        specifier: ^2.1.0
        version: 2.2.5

packages:

  '@types/cytoscape-fcose@2.2.5':
    resolution: {integrity: sha512-FaM6MM5zC4Yh72E60vkpbM4tstJS90wj3u1Vq/SMiK/MShhLaMd17QkmR39S14aUWdfNSlUEfx/g/XkDdFmXDA==}

  '@types/cytoscape@3.31.0':
    resolution: {integrity: sha512-EXHOHxqQjGxLDEh5cP4te6J0bi7LbCzmZkzsR6f703igUac8UGMdEohMyU3GHAayCTZrLQOMnaE/lqB2Ekh8Ww==}
    deprecated: This is a stub types definition. cytoscape provides its own type definitions, so you do not need this installed.

  cose-base@2.2.0:
    resolution: {integrity: sha512-AzlgcsCbUMymkADOJtQm3wO9S3ltPfYOFD5033keQn9NJzIbtnZj+UdBJe7DYml/8TdbtHJW3j58SOnKhWY/5g==}

  cytoscape-fcose@2.2.0:
    resolution: {integrity: sha512-ki1/VuRIHFCzxWNrsshHYPs6L7TvLu3DL+TyIGEsRcvVERmxokbf5Gdk7mFxZnTdiGtnA4cfSmjZJMviqSuZrQ==}
    peerDependencies:
      cytoscape: ^3.2.0

  cytoscape@3.33.1:
    resolution: {integrity: sha512-iJc4TwyANnOGR1OmWhsS9ayRS3s+XQ185FmuHObThD+5AeJCakAAbWv8KimMTt08xCCLNgneQwFp+JRJOr9qGQ==}
    engines: {node: '>=0.10'}

  layout-base@2.0.1:
    resolution: {integrity: sha512-dp3s92+uNI1hWIpPGH3jK2kxE2lMjdXdr+DH8ynZHpd6PUlH6x6cbuXnoMmiNumznqaNO31xu9e79F0uuZ0JFg==}

snapshots:

  '@types/cytoscape-fcose@2.2.5':
    dependencies:
      cytoscape: 3.33.1

  '@types/cytoscape@3.31.0':
    dependencies:
      cytoscape: 3.33.1

  cose-base@2.2.0:
    dependencies:
      layout-base: 2.0.1

  cytoscape-fcose@2.2.0(cytoscape@3.33.1):
    dependencies:
      cose-base: 2.2.0
      cytoscape: 3.33.1

  cytoscape@3.33.1: {}

  layout-base@2.0.1: {}
